
Microsoft Visual Studio Solution File, Format Version 12.00
# Visual Studio 15
VisualStudioVersion = 15.0.26124.0
MinimumVisualStudioVersion = 15.0.26124.0
Project("{2150E333-8FDC-42A3-9474-1A3956D46DE8}") = "src", "src", "{8326DB08-88B6-4C62-8CB8-71484CC462C7}"
EndProject
Project("{2150E333-8FDC-42A3-9474-1A3956D46DE8}") = "libs", "libs", "{470D3979-346B-4FE3-9DC5-2AD984E830B9}"
EndProject
Project("{FAE04EC0-301F-11D3-BF4B-00C04F79EFBC}") = "CurrencyConverter.Core", "src\libs\CurrencyConverter.Core\CurrencyConverter.Core.csproj", "{9F1636A8-2C7E-41E8-9AC1-14E4D8287069}"
EndProject
Project("{2150E333-8FDC-42A3-9474-1A3956D46DE8}") = "tests", "tests", "{68F52055-C563-4FC4-AEA7-48F02184BA9D}"
EndProject
Project("{2150E333-8FDC-42A3-9474-1A3956D46DE8}") = "libs", "libs", "{3E290B71-163A-456E-A92A-82ECA9FD1F53}"
EndProject
Project("{FAE04EC0-301F-11D3-BF4B-00C04F79EFBC}") = "CurrencyConverter.Core.UnitTests", "tests\libs\CurrencyConverter.Core.UnitTests\CurrencyConverter.Core.UnitTests.csproj", "{55194D8B-2AB1-4D05-8B5D-0FBF044191F2}"
EndProject
Project("{2150E333-8FDC-42A3-9474-1A3956D46DE8}") = "apps", "apps", "{BB9FD6FE-56EB-4641-B372-0D91EC3E8178}"
EndProject
Project("{FAE04EC0-301F-11D3-BF4B-00C04F79EFBC}") = "CurrencyConverter.ConsoleApp", "src\apps\CurrencyConverter.ConsoleApp\CurrencyConverter.ConsoleApp.csproj", "{85E28470-8BEE-4E01-8A83-BACD7B9E962C}"
EndProject
Global
	GlobalSection(SolutionConfigurationPlatforms) = preSolution
		Debug|Any CPU = Debug|Any CPU
		Debug|x64 = Debug|x64
		Debug|x86 = Debug|x86
		Release|Any CPU = Release|Any CPU
		Release|x64 = Release|x64
		Release|x86 = Release|x86
	EndGlobalSection
	GlobalSection(SolutionProperties) = preSolution
		HideSolutionNode = FALSE
	EndGlobalSection
	GlobalSection(ProjectConfigurationPlatforms) = postSolution
		{9F1636A8-2C7E-41E8-9AC1-14E4D8287069}.Debug|Any CPU.ActiveCfg = Debug|Any CPU
		{9F1636A8-2C7E-41E8-9AC1-14E4D8287069}.Debug|Any CPU.Build.0 = Debug|Any CPU
		{9F1636A8-2C7E-41E8-9AC1-14E4D8287069}.Debug|x64.ActiveCfg = Debug|Any CPU
		{9F1636A8-2C7E-41E8-9AC1-14E4D8287069}.Debug|x64.Build.0 = Debug|Any CPU
		{9F1636A8-2C7E-41E8-9AC1-14E4D8287069}.Debug|x86.ActiveCfg = Debug|Any CPU
		{9F1636A8-2C7E-41E8-9AC1-14E4D8287069}.Debug|x86.Build.0 = Debug|Any CPU
		{9F1636A8-2C7E-41E8-9AC1-14E4D8287069}.Release|Any CPU.ActiveCfg = Release|Any CPU
		{9F1636A8-2C7E-41E8-9AC1-14E4D8287069}.Release|Any CPU.Build.0 = Release|Any CPU
		{9F1636A8-2C7E-41E8-9AC1-14E4D8287069}.Release|x64.ActiveCfg = Release|Any CPU
		{9F1636A8-2C7E-41E8-9AC1-14E4D8287069}.Release|x64.Build.0 = Release|Any CPU
		{9F1636A8-2C7E-41E8-9AC1-14E4D8287069}.Release|x86.ActiveCfg = Release|Any CPU
		{9F1636A8-2C7E-41E8-9AC1-14E4D8287069}.Release|x86.Build.0 = Release|Any CPU
		{55194D8B-2AB1-4D05-8B5D-0FBF044191F2}.Debug|Any CPU.ActiveCfg = Debug|Any CPU
		{55194D8B-2AB1-4D05-8B5D-0FBF044191F2}.Debug|Any CPU.Build.0 = Debug|Any CPU
		{55194D8B-2AB1-4D05-8B5D-0FBF044191F2}.Debug|x64.ActiveCfg = Debug|Any CPU
		{55194D8B-2AB1-4D05-8B5D-0FBF044191F2}.Debug|x64.Build.0 = Debug|Any CPU
		{55194D8B-2AB1-4D05-8B5D-0FBF044191F2}.Debug|x86.ActiveCfg = Debug|Any CPU
		{55194D8B-2AB1-4D05-8B5D-0FBF044191F2}.Debug|x86.Build.0 = Debug|Any CPU
		{55194D8B-2AB1-4D05-8B5D-0FBF044191F2}.Release|Any CPU.ActiveCfg = Release|Any CPU
		{55194D8B-2AB1-4D05-8B5D-0FBF044191F2}.Release|Any CPU.Build.0 = Release|Any CPU
		{55194D8B-2AB1-4D05-8B5D-0FBF044191F2}.Release|x64.ActiveCfg = Release|Any CPU
		{55194D8B-2AB1-4D05-8B5D-0FBF044191F2}.Release|x64.Build.0 = Release|Any CPU
		{55194D8B-2AB1-4D05-8B5D-0FBF044191F2}.Release|x86.ActiveCfg = Release|Any CPU
		{55194D8B-2AB1-4D05-8B5D-0FBF044191F2}.Release|x86.Build.0 = Release|Any CPU
		{85E28470-8BEE-4E01-8A83-BACD7B9E962C}.Debug|Any CPU.ActiveCfg = Debug|Any CPU
		{85E28470-8BEE-4E01-8A83-BACD7B9E962C}.Debug|Any CPU.Build.0 = Debug|Any CPU
		{85E28470-8BEE-4E01-8A83-BACD7B9E962C}.Debug|x64.ActiveCfg = Debug|Any CPU
		{85E28470-8BEE-4E01-8A83-BACD7B9E962C}.Debug|x64.Build.0 = Debug|Any CPU
		{85E28470-8BEE-4E01-8A83-BACD7B9E962C}.Debug|x86.ActiveCfg = Debug|Any CPU
		{85E28470-8BEE-4E01-8A83-BACD7B9E962C}.Debug|x86.Build.0 = Debug|Any CPU
		{85E28470-8BEE-4E01-8A83-BACD7B9E962C}.Release|Any CPU.ActiveCfg = Release|Any CPU
		{85E28470-8BEE-4E01-8A83-BACD7B9E962C}.Release|Any CPU.Build.0 = Release|Any CPU
		{85E28470-8BEE-4E01-8A83-BACD7B9E962C}.Release|x64.ActiveCfg = Release|Any CPU
		{85E28470-8BEE-4E01-8A83-BACD7B9E962C}.Release|x64.Build.0 = Release|Any CPU
		{85E28470-8BEE-4E01-8A83-BACD7B9E962C}.Release|x86.ActiveCfg = Release|Any CPU
		{85E28470-8BEE-4E01-8A83-BACD7B9E962C}.Release|x86.Build.0 = Release|Any CPU
	EndGlobalSection
	GlobalSection(NestedProjects) = preSolution
		{470D3979-346B-4FE3-9DC5-2AD984E830B9} = {8326DB08-88B6-4C62-8CB8-71484CC462C7}
		{9F1636A8-2C7E-41E8-9AC1-14E4D8287069} = {470D3979-346B-4FE3-9DC5-2AD984E830B9}
		{3E290B71-163A-456E-A92A-82ECA9FD1F53} = {68F52055-C563-4FC4-AEA7-48F02184BA9D}
		{55194D8B-2AB1-4D05-8B5D-0FBF044191F2} = {3E290B71-163A-456E-A92A-82ECA9FD1F53}
		{BB9FD6FE-56EB-4641-B372-0D91EC3E8178} = {8326DB08-88B6-4C62-8CB8-71484CC462C7}
		{85E28470-8BEE-4E01-8A83-BACD7B9E962C} = {BB9FD6FE-56EB-4641-B372-0D91EC3E8178}
	EndGlobalSection
EndGlobal
